
Microsoft Visual Studio Solution File, Format Version 12.00
# Visual Studio Version 17
VisualStudioVersion = 17.3.32611.2
MinimumVisualStudioVersion = 10.0.40219.1
Project("{FAE04EC0-301F-11D3-BF4B-00C04F79EFBC}") = "SkillFactory", "SkillFactory\SkillFactory.csproj", "{C3475820-A778-4EC5-8153-798E4B472C15}"
EndProject
Project("{9A19103F-16F7-4668-BE54-9A1E7A4F7556}") = "SFExceptionsAndDelegates", "SFExceptions\SFExceptionsAndDelegates.csproj", "{89715E85-39BA-4AED-93BD-D4AE7B7A373E}"
EndProject
Project("{9A19103F-16F7-4668-BE54-9A1E7A4F7556}") = "SFPracticum9.6.1", "Practicum9.6.1\SFPracticum9.6.1.csproj", "{9BF1E663-7CF5-4F4D-A379-D30C29EE933A}"
EndProject
Project("{9A19103F-16F7-4668-BE54-9A1E7A4F7556}") = "SFInterfaces", "SFInterfaces\SFInterfaces.csproj", "{1636D546-C6F0-4198-A0FD-06043AA5ADD2}"
EndProject
Project("{9A19103F-16F7-4668-BE54-9A1E7A4F7556}") = "SFPracticum10.5.1", "SFPracticum10.5.1\SFPracticum10.5.1.csproj", "{14F4DD20-8815-45B3-B7E6-0F16C79756A1}"
EndProject
Project("{9A19103F-16F7-4668-BE54-9A1E7A4F7556}") = "SFTelegramBot", "SFTelegramBot\SFTelegramBot.csproj", "{65FD75FA-79A1-4F19-9ADD-A7E6BA7A8478}"
EndProject
Project("{9A19103F-16F7-4668-BE54-9A1E7A4F7556}") = "SFPracitcumBot", "SFPracitcumBot\SFPracitcumBot.csproj", "{373C9D69-2390-431C-AE72-151EA9EDE95B}"
EndProject
Project("{9A19103F-16F7-4668-BE54-9A1E7A4F7556}") = "SFAlgorithms", "SFAlgorithms\SFAlgorithms.csproj", "{F9896B92-E198-4661-AF76-45A47D2C3B6A}"
EndProject
Project("{9A19103F-16F7-4668-BE54-9A1E7A4F7556}") = "SFPracticum12.1.5", "SFPracticum12.1.5\SFPracticum12.1.5.csproj", "{8E192A21-3B4C-4E6D-B7AA-7812B0FE8B67}"
EndProject
Project("{9A19103F-16F7-4668-BE54-9A1E7A4F7556}") = "SFCollections", "SFCollections\SFCollections.csproj", "{BB65A511-162A-4F91-9F08-03B213D56807}"
EndProject
Project("{9A19103F-16F7-4668-BE54-9A1E7A4F7556}") = "SFPrecticum13.1.6", "SFPrecticum13.1.6\SFPrecticum13.1.6.csproj", "{4BA24F7C-869D-497A-AAAD-4FC26EFC3B28}"
EndProject
Project("{9A19103F-16F7-4668-BE54-9A1E7A4F7556}") = "SFPracticumModule13", "SFPracticumModule13\SFPracticumModule13.csproj", "{8F0F20CE-A6BD-4878-91F7-14635ABD3B68}"
EndProject
Project("{9A19103F-16F7-4668-BE54-9A1E7A4F7556}") = "SFLINQ", "SFLINQ\SFLINQ.csproj", "{000CB063-2AE9-4FB2-B616-A1724472A259}"
EndProject
Project("{FAE04EC0-301F-11D3-BF4B-00C04F79EFBC}") = "SFPracticum14.3.3", "SFPracticum1433\SFPracticum14.3.3.csproj", "{4EFE7458-D82A-4CE6-A823-5C3BC98F769A}"
EndProject
Global
	GlobalSection(SolutionConfigurationPlatforms) = preSolution
		Debug|Any CPU = Debug|Any CPU
		Release|Any CPU = Release|Any CPU
	EndGlobalSection
	GlobalSection(ProjectConfigurationPlatforms) = postSolution
		{C3475820-A778-4EC5-8153-798E4B472C15}.Debug|Any CPU.ActiveCfg = Debug|Any CPU
		{C3475820-A778-4EC5-8153-798E4B472C15}.Debug|Any CPU.Build.0 = Debug|Any CPU
		{C3475820-A778-4EC5-8153-798E4B472C15}.Release|Any CPU.ActiveCfg = Release|Any CPU
		{C3475820-A778-4EC5-8153-798E4B472C15}.Release|Any CPU.Build.0 = Release|Any CPU
		{89715E85-39BA-4AED-93BD-D4AE7B7A373E}.Debug|Any CPU.ActiveCfg = Debug|Any CPU
		{89715E85-39BA-4AED-93BD-D4AE7B7A373E}.Debug|Any CPU.Build.0 = Debug|Any CPU
		{89715E85-39BA-4AED-93BD-D4AE7B7A373E}.Release|Any CPU.ActiveCfg = Release|Any CPU
		{89715E85-39BA-4AED-93BD-D4AE7B7A373E}.Release|Any CPU.Build.0 = Release|Any CPU
		{9BF1E663-7CF5-4F4D-A379-D30C29EE933A}.Debug|Any CPU.ActiveCfg = Debug|Any CPU
		{9BF1E663-7CF5-4F4D-A379-D30C29EE933A}.Debug|Any CPU.Build.0 = Debug|Any CPU
		{9BF1E663-7CF5-4F4D-A379-D30C29EE933A}.Release|Any CPU.ActiveCfg = Release|Any CPU
		{9BF1E663-7CF5-4F4D-A379-D30C29EE933A}.Release|Any CPU.Build.0 = Release|Any CPU
		{1636D546-C6F0-4198-A0FD-06043AA5ADD2}.Debug|Any CPU.ActiveCfg = Debug|Any CPU
		{1636D546-C6F0-4198-A0FD-06043AA5ADD2}.Debug|Any CPU.Build.0 = Debug|Any CPU
		{1636D546-C6F0-4198-A0FD-06043AA5ADD2}.Release|Any CPU.ActiveCfg = Release|Any CPU
		{1636D546-C6F0-4198-A0FD-06043AA5ADD2}.Release|Any CPU.Build.0 = Release|Any CPU
		{14F4DD20-8815-45B3-B7E6-0F16C79756A1}.Debug|Any CPU.ActiveCfg = Debug|Any CPU
		{14F4DD20-8815-45B3-B7E6-0F16C79756A1}.Debug|Any CPU.Build.0 = Debug|Any CPU
		{14F4DD20-8815-45B3-B7E6-0F16C79756A1}.Release|Any CPU.ActiveCfg = Release|Any CPU
		{14F4DD20-8815-45B3-B7E6-0F16C79756A1}.Release|Any CPU.Build.0 = Release|Any CPU
		{65FD75FA-79A1-4F19-9ADD-A7E6BA7A8478}.Debug|Any CPU.ActiveCfg = Debug|Any CPU
		{65FD75FA-79A1-4F19-9ADD-A7E6BA7A8478}.Debug|Any CPU.Build.0 = Debug|Any CPU
		{65FD75FA-79A1-4F19-9ADD-A7E6BA7A8478}.Release|Any CPU.ActiveCfg = Release|Any CPU
		{65FD75FA-79A1-4F19-9ADD-A7E6BA7A8478}.Release|Any CPU.Build.0 = Release|Any CPU
		{373C9D69-2390-431C-AE72-151EA9EDE95B}.Debug|Any CPU.ActiveCfg = Debug|Any CPU
		{373C9D69-2390-431C-AE72-151EA9EDE95B}.Debug|Any CPU.Build.0 = Debug|Any CPU
		{373C9D69-2390-431C-AE72-151EA9EDE95B}.Release|Any CPU.ActiveCfg = Release|Any CPU
		{373C9D69-2390-431C-AE72-151EA9EDE95B}.Release|Any CPU.Build.0 = Release|Any CPU
		{F9896B92-E198-4661-AF76-45A47D2C3B6A}.Debug|Any CPU.ActiveCfg = Debug|Any CPU
		{F9896B92-E198-4661-AF76-45A47D2C3B6A}.Debug|Any CPU.Build.0 = Debug|Any CPU
		{F9896B92-E198-4661-AF76-45A47D2C3B6A}.Release|Any CPU.ActiveCfg = Release|Any CPU
		{F9896B92-E198-4661-AF76-45A47D2C3B6A}.Release|Any CPU.Build.0 = Release|Any CPU
		{8E192A21-3B4C-4E6D-B7AA-7812B0FE8B67}.Debug|Any CPU.ActiveCfg = Debug|Any CPU
		{8E192A21-3B4C-4E6D-B7AA-7812B0FE8B67}.Debug|Any CPU.Build.0 = Debug|Any CPU
		{8E192A21-3B4C-4E6D-B7AA-7812B0FE8B67}.Release|Any CPU.ActiveCfg = Release|Any CPU
		{8E192A21-3B4C-4E6D-B7AA-7812B0FE8B67}.Release|Any CPU.Build.0 = Release|Any CPU
		{BB65A511-162A-4F91-9F08-03B213D56807}.Debug|Any CPU.ActiveCfg = Debug|Any CPU
		{BB65A511-162A-4F91-9F08-03B213D56807}.Debug|Any CPU.Build.0 = Debug|Any CPU
		{BB65A511-162A-4F91-9F08-03B213D56807}.Release|Any CPU.ActiveCfg = Release|Any CPU
		{BB65A511-162A-4F91-9F08-03B213D56807}.Release|Any CPU.Build.0 = Release|Any CPU
		{4BA24F7C-869D-497A-AAAD-4FC26EFC3B28}.Debug|Any CPU.ActiveCfg = Debug|Any CPU
		{4BA24F7C-869D-497A-AAAD-4FC26EFC3B28}.Debug|Any CPU.Build.0 = Debug|Any CPU
		{4BA24F7C-869D-497A-AAAD-4FC26EFC3B28}.Release|Any CPU.ActiveCfg = Release|Any CPU
		{4BA24F7C-869D-497A-AAAD-4FC26EFC3B28}.Release|Any CPU.Build.0 = Release|Any CPU
		{8F0F20CE-A6BD-4878-91F7-14635ABD3B68}.Debug|Any CPU.ActiveCfg = Debug|Any CPU
		{8F0F20CE-A6BD-4878-91F7-14635ABD3B68}.Debug|Any CPU.Build.0 = Debug|Any CPU
		{8F0F20CE-A6BD-4878-91F7-14635ABD3B68}.Release|Any CPU.ActiveCfg = Release|Any CPU
		{8F0F20CE-A6BD-4878-91F7-14635ABD3B68}.Release|Any CPU.Build.0 = Release|Any CPU
		{000CB063-2AE9-4FB2-B616-A1724472A259}.Debug|Any CPU.ActiveCfg = Debug|Any CPU
		{000CB063-2AE9-4FB2-B616-A1724472A259}.Debug|Any CPU.Build.0 = Debug|Any CPU
		{000CB063-2AE9-4FB2-B616-A1724472A259}.Release|Any CPU.ActiveCfg = Release|Any CPU
		{000CB063-2AE9-4FB2-B616-A1724472A259}.Release|Any CPU.Build.0 = Release|Any CPU
		{4EFE7458-D82A-4CE6-A823-5C3BC98F769A}.Debug|Any CPU.ActiveCfg = Debug|Any CPU
		{4EFE7458-D82A-4CE6-A823-5C3BC98F769A}.Debug|Any CPU.Build.0 = Debug|Any CPU
		{4EFE7458-D82A-4CE6-A823-5C3BC98F769A}.Release|Any CPU.ActiveCfg = Release|Any CPU
		{4EFE7458-D82A-4CE6-A823-5C3BC98F769A}.Release|Any CPU.Build.0 = Release|Any CPU
	EndGlobalSection
	GlobalSection(SolutionProperties) = preSolution
		HideSolutionNode = FALSE
	EndGlobalSection
	GlobalSection(ExtensibilityGlobals) = postSolution
		SolutionGuid = {0723F88E-D447-4AF0-B304-CBEECC363576}
	EndGlobalSection
EndGlobal
