
Microsoft Visual Studio Solution File, Format Version 12.00
# Visual Studio Version 17
VisualStudioVersion = 17.3.32611.2
MinimumVisualStudioVersion = 10.0.40219.1
Project("{FAE04EC0-301F-11D3-BF4B-00C04F79EFBC}") = "SkillFactory", "SkillFactory\SkillFactory.csproj", "{C3475820-A778-4EC5-8153-798E4B472C15}"
EndProject
Project("{9A19103F-16F7-4668-BE54-9A1E7A4F7556}") = "SFExceptionsAndDelegates", "SFExceptions\SFExceptionsAndDelegates.csproj", "{89715E85-39BA-4AED-93BD-D4AE7B7A373E}"
EndProject
Project("{9A19103F-16F7-4668-BE54-9A1E7A4F7556}") = "SFPracticum9.6.1", "Practicum9.6.1\SFPracticum9.6.1.csproj", "{9BF1E663-7CF5-4F4D-A379-D30C29EE933A}"
EndProject
Project("{9A19103F-16F7-4668-BE54-9A1E7A4F7556}") = "SFInterfaces", "SFInterfaces\SFInterfaces.csproj", "{1636D546-C6F0-4198-A0FD-06043AA5ADD2}"
EndProject
Project("{9A19103F-16F7-4668-BE54-9A1E7A4F7556}") = "SFPracticum10.5.1", "SFPracticum10.5.1\SFPracticum10.5.1.csproj", "{14F4DD20-8815-45B3-B7E6-0F16C79756A1}"
EndProject
Project("{9A19103F-16F7-4668-BE54-9A1E7A4F7556}") = "SFTelegramBot", "SFTelegramBot\SFTelegramBot.csproj", "{65FD75FA-79A1-4F19-9ADD-A7E6BA7A8478}"
EndProject
Project("{9A19103F-16F7-4668-BE54-9A1E7A4F7556}") = "SFPracitcumBot", "SFPracitcumBot\SFPracitcumBot.csproj", "{373C9D69-2390-431C-AE72-151EA9EDE95B}"
EndProject
Project("{9A19103F-16F7-4668-BE54-9A1E7A4F7556}") = "SFAlgorithms", "SFAlgorithms\SFAlgorithms.csproj", "{F9896B92-E198-4661-AF76-45A47D2C3B6A}"
EndProject
Project("{9A19103F-16F7-4668-BE54-9A1E7A4F7556}") = "SFPracticum12.1.5", "SFPracticum12.1.5\SFPracticum12.1.5.csproj", "{8E192A21-3B4C-4E6D-B7AA-7812B0FE8B67}"
EndProject
Project("{9A19103F-16F7-4668-BE54-9A1E7A4F7556}") = "SFCollections", "SFCollections\SFCollections.csproj", "{BB65A511-162A-4F91-9F08-03B213D56807}"
EndProject
Project("{9A19103F-16F7-4668-BE54-9A1E7A4F7556}") = "SFPrecticum13.1.6", "SFPrecticum13.1.6\SFPrecticum13.1.6.csproj", "{4BA24F7C-869D-497A-AAAD-4FC26EFC3B28}"
EndProject
Project("{9A19103F-16F7-4668-BE54-9A1E7A4F7556}") = "SFPracticumModule13", "SFPracticumModule13\SFPracticumModule13.csproj", "{8F0F20CE-A6BD-4878-91F7-14635ABD3B68}"
EndProject
Project("{9A19103F-16F7-4668-BE54-9A1E7A4F7556}") = "SFLINQ", "SFLINQ\SFLINQ.csproj", "{000CB063-2AE9-4FB2-B616-A1724472A259}"
EndProject
Project("{9A19103F-16F7-4668-BE54-9A1E7A4F7556}") = "SFPracticum14.3.3", "SFPracticum1433\SFPracticum14.3.3.csproj", "{4EFE7458-D82A-4CE6-A823-5C3BC98F769A}"
EndProject
Project("{9A19103F-16F7-4668-BE54-9A1E7A4F7556}") = "SFLINQ2", "SFLINQ2\SFLINQ2.csproj", "{F787C831-F6CD-433D-9600-1220AD0C98CF}"
EndProject
Project("{9A19103F-16F7-4668-BE54-9A1E7A4F7556}") = "SFPracticum15.6.6", "SFPracticum15.6.6\SFPracticum15.6.6.csproj", "{5E11B8E7-F5E0-4655-A333-C8ABBC4064E3}"
EndProject
Project("{9A19103F-16F7-4668-BE54-9A1E7A4F7556}") = "UserTicketService", "UserTicketService\UserTicketService.csproj", "{2D9FC641-7337-4948-A6C9-DBBFAC03A820}"
EndProject
Project("{9A19103F-16F7-4668-BE54-9A1E7A4F7556}") = "UserTicketService.Tests", "UserTicketService.Tests\UserTicketService.Tests.csproj", "{7F9F0D26-44D7-44E0-89EF-3CF122FD8DB3}"
EndProject
Project("{9A19103F-16F7-4668-BE54-9A1E7A4F7556}") = "Calculator", "Calculator\Calculator.csproj", "{592F75BB-24D0-41F3-B330-2CA218112B49}"
EndProject
Project("{9A19103F-16F7-4668-BE54-9A1E7A4F7556}") = "Calcualtor.Tests", "CalcualtorTests\Calcualtor.Tests.csproj", "{F6E40FA9-5FFB-44E9-8FE1-179A30E31214}"
EndProject
Project("{9A19103F-16F7-4668-BE54-9A1E7A4F7556}") = "SFGOFPatterns", "SFGOFPatterns\SFGOFPatterns.csproj", "{AB355ECE-042D-4748-AD0B-5E951A07BF00}"
EndProject
Project("{9A19103F-16F7-4668-BE54-9A1E7A4F7556}") = "SFPatternBuilder", "SFPatternBuilder\SFPatternBuilder.csproj", "{F9313DDA-D92D-46CD-A160-95FC9BEF188A}"
EndProject
Project("{9A19103F-16F7-4668-BE54-9A1E7A4F7556}") = "SFPatternProtype", "SFPatternProtype\SFPatternProtype.csproj", "{BC3D5858-59BF-4CE0-B754-A76CD80CB472}"
EndProject
Project("{9A19103F-16F7-4668-BE54-9A1E7A4F7556}") = "SFPatternCommand", "SFPatternCommand\SFPatternCommand.csproj", "{6D663E7D-8EDA-4127-A60D-B2464EDCFD2E}"
EndProject
Project("{FAE04EC0-301F-11D3-BF4B-00C04F79EFBC}") = "SFPracticum18.4.1", "SFPracticum18.4.1\SFPracticum18.4.1.csproj", "{22AF9884-7DD1-466C-870B-8CC743CE698E}"
EndProject
Global
	GlobalSection(SolutionConfigurationPlatforms) = preSolution
		Debug|Any CPU = Debug|Any CPU
		Release|Any CPU = Release|Any CPU
	EndGlobalSection
	GlobalSection(ProjectConfigurationPlatforms) = postSolution
		{C3475820-A778-4EC5-8153-798E4B472C15}.Debug|Any CPU.ActiveCfg = Debug|Any CPU
		{C3475820-A778-4EC5-8153-798E4B472C15}.Debug|Any CPU.Build.0 = Debug|Any CPU
		{C3475820-A778-4EC5-8153-798E4B472C15}.Release|Any CPU.ActiveCfg = Release|Any CPU
		{C3475820-A778-4EC5-8153-798E4B472C15}.Release|Any CPU.Build.0 = Release|Any CPU
		{89715E85-39BA-4AED-93BD-D4AE7B7A373E}.Debug|Any CPU.ActiveCfg = Debug|Any CPU
		{89715E85-39BA-4AED-93BD-D4AE7B7A373E}.Debug|Any CPU.Build.0 = Debug|Any CPU
		{89715E85-39BA-4AED-93BD-D4AE7B7A373E}.Release|Any CPU.ActiveCfg = Release|Any CPU
		{89715E85-39BA-4AED-93BD-D4AE7B7A373E}.Release|Any CPU.Build.0 = Release|Any CPU
		{9BF1E663-7CF5-4F4D-A379-D30C29EE933A}.Debug|Any CPU.ActiveCfg = Debug|Any CPU
		{9BF1E663-7CF5-4F4D-A379-D30C29EE933A}.Debug|Any CPU.Build.0 = Debug|Any CPU
		{9BF1E663-7CF5-4F4D-A379-D30C29EE933A}.Release|Any CPU.ActiveCfg = Release|Any CPU
		{9BF1E663-7CF5-4F4D-A379-D30C29EE933A}.Release|Any CPU.Build.0 = Release|Any CPU
		{1636D546-C6F0-4198-A0FD-06043AA5ADD2}.Debug|Any CPU.ActiveCfg = Debug|Any CPU
		{1636D546-C6F0-4198-A0FD-06043AA5ADD2}.Debug|Any CPU.Build.0 = Debug|Any CPU
		{1636D546-C6F0-4198-A0FD-06043AA5ADD2}.Release|Any CPU.ActiveCfg = Release|Any CPU
		{1636D546-C6F0-4198-A0FD-06043AA5ADD2}.Release|Any CPU.Build.0 = Release|Any CPU
		{14F4DD20-8815-45B3-B7E6-0F16C79756A1}.Debug|Any CPU.ActiveCfg = Debug|Any CPU
		{14F4DD20-8815-45B3-B7E6-0F16C79756A1}.Debug|Any CPU.Build.0 = Debug|Any CPU
		{14F4DD20-8815-45B3-B7E6-0F16C79756A1}.Release|Any CPU.ActiveCfg = Release|Any CPU
		{14F4DD20-8815-45B3-B7E6-0F16C79756A1}.Release|Any CPU.Build.0 = Release|Any CPU
		{65FD75FA-79A1-4F19-9ADD-A7E6BA7A8478}.Debug|Any CPU.ActiveCfg = Debug|Any CPU
		{65FD75FA-79A1-4F19-9ADD-A7E6BA7A8478}.Debug|Any CPU.Build.0 = Debug|Any CPU
		{65FD75FA-79A1-4F19-9ADD-A7E6BA7A8478}.Release|Any CPU.ActiveCfg = Release|Any CPU
		{65FD75FA-79A1-4F19-9ADD-A7E6BA7A8478}.Release|Any CPU.Build.0 = Release|Any CPU
		{373C9D69-2390-431C-AE72-151EA9EDE95B}.Debug|Any CPU.ActiveCfg = Debug|Any CPU
		{373C9D69-2390-431C-AE72-151EA9EDE95B}.Debug|Any CPU.Build.0 = Debug|Any CPU
		{373C9D69-2390-431C-AE72-151EA9EDE95B}.Release|Any CPU.ActiveCfg = Release|Any CPU
		{373C9D69-2390-431C-AE72-151EA9EDE95B}.Release|Any CPU.Build.0 = Release|Any CPU
		{F9896B92-E198-4661-AF76-45A47D2C3B6A}.Debug|Any CPU.ActiveCfg = Debug|Any CPU
		{F9896B92-E198-4661-AF76-45A47D2C3B6A}.Debug|Any CPU.Build.0 = Debug|Any CPU
		{F9896B92-E198-4661-AF76-45A47D2C3B6A}.Release|Any CPU.ActiveCfg = Release|Any CPU
		{F9896B92-E198-4661-AF76-45A47D2C3B6A}.Release|Any CPU.Build.0 = Release|Any CPU
		{8E192A21-3B4C-4E6D-B7AA-7812B0FE8B67}.Debug|Any CPU.ActiveCfg = Debug|Any CPU
		{8E192A21-3B4C-4E6D-B7AA-7812B0FE8B67}.Debug|Any CPU.Build.0 = Debug|Any CPU
		{8E192A21-3B4C-4E6D-B7AA-7812B0FE8B67}.Release|Any CPU.ActiveCfg = Release|Any CPU
		{8E192A21-3B4C-4E6D-B7AA-7812B0FE8B67}.Release|Any CPU.Build.0 = Release|Any CPU
		{BB65A511-162A-4F91-9F08-03B213D56807}.Debug|Any CPU.ActiveCfg = Debug|Any CPU
		{BB65A511-162A-4F91-9F08-03B213D56807}.Debug|Any CPU.Build.0 = Debug|Any CPU
		{BB65A511-162A-4F91-9F08-03B213D56807}.Release|Any CPU.ActiveCfg = Release|Any CPU
		{BB65A511-162A-4F91-9F08-03B213D56807}.Release|Any CPU.Build.0 = Release|Any CPU
		{4BA24F7C-869D-497A-AAAD-4FC26EFC3B28}.Debug|Any CPU.ActiveCfg = Debug|Any CPU
		{4BA24F7C-869D-497A-AAAD-4FC26EFC3B28}.Debug|Any CPU.Build.0 = Debug|Any CPU
		{4BA24F7C-869D-497A-AAAD-4FC26EFC3B28}.Release|Any CPU.ActiveCfg = Release|Any CPU
		{4BA24F7C-869D-497A-AAAD-4FC26EFC3B28}.Release|Any CPU.Build.0 = Release|Any CPU
		{8F0F20CE-A6BD-4878-91F7-14635ABD3B68}.Debug|Any CPU.ActiveCfg = Debug|Any CPU
		{8F0F20CE-A6BD-4878-91F7-14635ABD3B68}.Debug|Any CPU.Build.0 = Debug|Any CPU
		{8F0F20CE-A6BD-4878-91F7-14635ABD3B68}.Release|Any CPU.ActiveCfg = Release|Any CPU
		{8F0F20CE-A6BD-4878-91F7-14635ABD3B68}.Release|Any CPU.Build.0 = Release|Any CPU
		{000CB063-2AE9-4FB2-B616-A1724472A259}.Debug|Any CPU.ActiveCfg = Debug|Any CPU
		{000CB063-2AE9-4FB2-B616-A1724472A259}.Debug|Any CPU.Build.0 = Debug|Any CPU
		{000CB063-2AE9-4FB2-B616-A1724472A259}.Release|Any CPU.ActiveCfg = Release|Any CPU
		{000CB063-2AE9-4FB2-B616-A1724472A259}.Release|Any CPU.Build.0 = Release|Any CPU
		{4EFE7458-D82A-4CE6-A823-5C3BC98F769A}.Debug|Any CPU.ActiveCfg = Debug|Any CPU
		{4EFE7458-D82A-4CE6-A823-5C3BC98F769A}.Debug|Any CPU.Build.0 = Debug|Any CPU
		{4EFE7458-D82A-4CE6-A823-5C3BC98F769A}.Release|Any CPU.ActiveCfg = Release|Any CPU
		{4EFE7458-D82A-4CE6-A823-5C3BC98F769A}.Release|Any CPU.Build.0 = Release|Any CPU
		{F787C831-F6CD-433D-9600-1220AD0C98CF}.Debug|Any CPU.ActiveCfg = Debug|Any CPU
		{F787C831-F6CD-433D-9600-1220AD0C98CF}.Debug|Any CPU.Build.0 = Debug|Any CPU
		{F787C831-F6CD-433D-9600-1220AD0C98CF}.Release|Any CPU.ActiveCfg = Release|Any CPU
		{F787C831-F6CD-433D-9600-1220AD0C98CF}.Release|Any CPU.Build.0 = Release|Any CPU
		{5E11B8E7-F5E0-4655-A333-C8ABBC4064E3}.Debug|Any CPU.ActiveCfg = Debug|Any CPU
		{5E11B8E7-F5E0-4655-A333-C8ABBC4064E3}.Debug|Any CPU.Build.0 = Debug|Any CPU
		{5E11B8E7-F5E0-4655-A333-C8ABBC4064E3}.Release|Any CPU.ActiveCfg = Release|Any CPU
		{5E11B8E7-F5E0-4655-A333-C8ABBC4064E3}.Release|Any CPU.Build.0 = Release|Any CPU
		{2D9FC641-7337-4948-A6C9-DBBFAC03A820}.Debug|Any CPU.ActiveCfg = Debug|Any CPU
		{2D9FC641-7337-4948-A6C9-DBBFAC03A820}.Debug|Any CPU.Build.0 = Debug|Any CPU
		{2D9FC641-7337-4948-A6C9-DBBFAC03A820}.Release|Any CPU.ActiveCfg = Release|Any CPU
		{2D9FC641-7337-4948-A6C9-DBBFAC03A820}.Release|Any CPU.Build.0 = Release|Any CPU
		{7F9F0D26-44D7-44E0-89EF-3CF122FD8DB3}.Debug|Any CPU.ActiveCfg = Debug|Any CPU
		{7F9F0D26-44D7-44E0-89EF-3CF122FD8DB3}.Debug|Any CPU.Build.0 = Debug|Any CPU
		{7F9F0D26-44D7-44E0-89EF-3CF122FD8DB3}.Release|Any CPU.ActiveCfg = Release|Any CPU
		{7F9F0D26-44D7-44E0-89EF-3CF122FD8DB3}.Release|Any CPU.Build.0 = Release|Any CPU
		{592F75BB-24D0-41F3-B330-2CA218112B49}.Debug|Any CPU.ActiveCfg = Debug|Any CPU
		{592F75BB-24D0-41F3-B330-2CA218112B49}.Debug|Any CPU.Build.0 = Debug|Any CPU
		{592F75BB-24D0-41F3-B330-2CA218112B49}.Release|Any CPU.ActiveCfg = Release|Any CPU
		{592F75BB-24D0-41F3-B330-2CA218112B49}.Release|Any CPU.Build.0 = Release|Any CPU
		{F6E40FA9-5FFB-44E9-8FE1-179A30E31214}.Debug|Any CPU.ActiveCfg = Debug|Any CPU
		{F6E40FA9-5FFB-44E9-8FE1-179A30E31214}.Debug|Any CPU.Build.0 = Debug|Any CPU
		{F6E40FA9-5FFB-44E9-8FE1-179A30E31214}.Release|Any CPU.ActiveCfg = Release|Any CPU
		{F6E40FA9-5FFB-44E9-8FE1-179A30E31214}.Release|Any CPU.Build.0 = Release|Any CPU
		{AB355ECE-042D-4748-AD0B-5E951A07BF00}.Debug|Any CPU.ActiveCfg = Debug|Any CPU
		{AB355ECE-042D-4748-AD0B-5E951A07BF00}.Debug|Any CPU.Build.0 = Debug|Any CPU
		{AB355ECE-042D-4748-AD0B-5E951A07BF00}.Release|Any CPU.ActiveCfg = Release|Any CPU
		{AB355ECE-042D-4748-AD0B-5E951A07BF00}.Release|Any CPU.Build.0 = Release|Any CPU
		{F9313DDA-D92D-46CD-A160-95FC9BEF188A}.Debug|Any CPU.ActiveCfg = Debug|Any CPU
		{F9313DDA-D92D-46CD-A160-95FC9BEF188A}.Debug|Any CPU.Build.0 = Debug|Any CPU
		{F9313DDA-D92D-46CD-A160-95FC9BEF188A}.Release|Any CPU.ActiveCfg = Release|Any CPU
		{F9313DDA-D92D-46CD-A160-95FC9BEF188A}.Release|Any CPU.Build.0 = Release|Any CPU
		{BC3D5858-59BF-4CE0-B754-A76CD80CB472}.Debug|Any CPU.ActiveCfg = Debug|Any CPU
		{BC3D5858-59BF-4CE0-B754-A76CD80CB472}.Debug|Any CPU.Build.0 = Debug|Any CPU
		{BC3D5858-59BF-4CE0-B754-A76CD80CB472}.Release|Any CPU.ActiveCfg = Release|Any CPU
		{BC3D5858-59BF-4CE0-B754-A76CD80CB472}.Release|Any CPU.Build.0 = Release|Any CPU
		{6D663E7D-8EDA-4127-A60D-B2464EDCFD2E}.Debug|Any CPU.ActiveCfg = Debug|Any CPU
		{6D663E7D-8EDA-4127-A60D-B2464EDCFD2E}.Debug|Any CPU.Build.0 = Debug|Any CPU
		{6D663E7D-8EDA-4127-A60D-B2464EDCFD2E}.Release|Any CPU.ActiveCfg = Release|Any CPU
		{6D663E7D-8EDA-4127-A60D-B2464EDCFD2E}.Release|Any CPU.Build.0 = Release|Any CPU
		{22AF9884-7DD1-466C-870B-8CC743CE698E}.Debug|Any CPU.ActiveCfg = Debug|Any CPU
		{22AF9884-7DD1-466C-870B-8CC743CE698E}.Debug|Any CPU.Build.0 = Debug|Any CPU
		{22AF9884-7DD1-466C-870B-8CC743CE698E}.Release|Any CPU.ActiveCfg = Release|Any CPU
		{22AF9884-7DD1-466C-870B-8CC743CE698E}.Release|Any CPU.Build.0 = Release|Any CPU
	EndGlobalSection
	GlobalSection(SolutionProperties) = preSolution
		HideSolutionNode = FALSE
	EndGlobalSection
	GlobalSection(ExtensibilityGlobals) = postSolution
		SolutionGuid = {0723F88E-D447-4AF0-B304-CBEECC363576}
	EndGlobalSection
EndGlobal
